
Microsoft Visual Studio Solution File, Format Version 12.00
# Visual Studio 14
VisualStudioVersion = 14.0.25420.1
MinimumVisualStudioVersion = 10.0.40219.1
Project("{FAE04EC0-301F-11D3-BF4B-00C04F79EFBC}") = "LevyAutomatedTests", "LevyAutomatedTests\LevyAutomatedTests.csproj", "{CB6F2A2F-FD56-488B-B512-E4857E3171FD}"
EndProject
Global
	GlobalSection(SolutionConfigurationPlatforms) = preSolution
		Debug|Any CPU = Debug|Any CPU
		Release|Any CPU = Release|Any CPU
	EndGlobalSection
	GlobalSection(ProjectConfigurationPlatforms) = postSolution
		{CB6F2A2F-FD56-488B-B512-E4857E3171FD}.Debug|Any CPU.ActiveCfg = Debug|Any CPU
		{CB6F2A2F-FD56-488B-B512-E4857E3171FD}.Debug|Any CPU.Build.0 = Debug|Any CPU
		{CB6F2A2F-FD56-488B-B512-E4857E3171FD}.Release|Any CPU.ActiveCfg = Release|Any CPU
		{CB6F2A2F-FD56-488B-B512-E4857E3171FD}.Release|Any CPU.Build.0 = Release|Any CPU
	EndGlobalSection
	GlobalSection(SolutionProperties) = preSolution
		HideSolutionNode = FALSE
	EndGlobalSection
EndGlobal
